// !$*UTF8*$!
{
	archiveVersion = 1;
	classes = {
	};
	objectVersion = 50;
	objects = {

/* Begin PBXBuildFile section */
		1DABBB7F239ED85500E1C562 /* AppDelegate.swift in Sources */ = {isa = PBXBuildFile; fileRef = 1DABBB7E239ED85500E1C562 /* AppDelegate.swift */; };
		1DABBB81239ED85500E1C562 /* SceneDelegate.swift in Sources */ = {isa = PBXBuildFile; fileRef = 1DABBB80239ED85500E1C562 /* SceneDelegate.swift */; };
		1DABBB83239ED85500E1C562 /* ContentView.swift in Sources */ = {isa = PBXBuildFile; fileRef = 1DABBB82239ED85500E1C562 /* ContentView.swift */; };
		1DABBB85239ED85A00E1C562 /* Assets.xcassets in Resources */ = {isa = PBXBuildFile; fileRef = 1DABBB84239ED85A00E1C562 /* Assets.xcassets */; };
		1DABBB88239ED85A00E1C562 /* Preview Assets.xcassets in Resources */ = {isa = PBXBuildFile; fileRef = 1DABBB87239ED85A00E1C562 /* Preview Assets.xcassets */; };
		1DABBB8B239ED85A00E1C562 /* LaunchScreen.storyboard in Resources */ = {isa = PBXBuildFile; fileRef = 1DABBB89239ED85A00E1C562 /* LaunchScreen.storyboard */; };
/* End PBXBuildFile section */

/* Begin PBXFileReference section */
		1DABBB7B239ED85500E1C562 /* MovingTextFiledUpWhenKeyboardAppearsUsingSwiftUI.app */ = {isa = PBXFileReference; explicitFileType = wrapper.application; includeInIndex = 0; path = MovingTextFiledUpWhenKeyboardAppearsUsingSwiftUI.app; sourceTree = BUILT_PRODUCTS_DIR; };
		1DABBB7E239ED85500E1C562 /* AppDelegate.swift */ = {isa = PBXFileReference; lastKnownFileType = sourcecode.swift; path = AppDelegate.swift; sourceTree = "<group>"; };
		1DABBB80239ED85500E1C562 /* SceneDelegate.swift */ = {isa = PBXFileReference; lastKnownFileType = sourcecode.swift; path = SceneDelegate.swift; sourceTree = "<group>"; };
		1DABBB82239ED85500E1C562 /* ContentView.swift */ = {isa = PBXFileReference; lastKnownFileType = sourcecode.swift; path = ContentView.swift; sourceTree = "<group>"; };
		1DABBB84239ED85A00E1C562 /* Assets.xcassets */ = {isa = PBXFileReference; lastKnownFileType = folder.assetcatalog; path = Assets.xcassets; sourceTree = "<group>"; };
		1DABBB87239ED85A00E1C562 /* Preview Assets.xcassets */ = {isa = PBXFileReference; lastKnownFileType = folder.assetcatalog; path = "Preview Assets.xcassets"; sourceTree = "<group>"; };
		1DABBB8A239ED85A00E1C562 /* Base */ = {isa = PBXFileReference; lastKnownFileType = file.storyboard; name = Base; path = Base.lproj/LaunchScreen.storyboard; sourceTree = "<group>"; };
		1DABBB8C239ED85A00E1C562 /* Info.plist */ = {isa = PBXFileReference; lastKnownFileType = text.plist.xml; path = Info.plist; sourceTree = "<group>"; };
/* End PBXFileReference section */

/* Begin PBXFrameworksBuildPhase section */
		1DABBB78239ED85500E1C562 /* Frameworks */ = {
			isa = PBXFrameworksBuildPhase;
			buildActionMask = 2147483647;
			files = (
			);
			runOnlyForDeploymentPostprocessing = 0;
		};
/* End PBXFrameworksBuildPhase section */

/* Begin PBXGroup section */
		1DABBB72239ED85500E1C562 = {
			isa = PBXGroup;
			children = (
				1DABBB7D239ED85500E1C562 /* MovingTextFiledUpWhenKeyboardAppearsUsingSwiftUI */,
				1DABBB7C239ED85500E1C562 /* Products */,
			);
			sourceTree = "<group>";
		};
		1DABBB7C239ED85500E1C562 /* Products */ = {
			isa = PBXGroup;
			children = (
				1DABBB7B239ED85500E1C562 /* MovingTextFiledUpWhenKeyboardAppearsUsingSwiftUI.app */,
			);
			name = Products;
			sourceTree = "<group>";
		};
		1DABBB7D239ED85500E1C562 /* MovingTextFiledUpWhenKeyboardAppearsUsingSwiftUI */ = {
			isa = PBXGroup;
			children = (
				1DABBB7E239ED85500E1C562 /* AppDelegate.swift */,
				1DABBB80239ED85500E1C562 /* SceneDelegate.swift */,
				1DABBB82239ED85500E1C562 /* ContentView.swift */,
				1DABBB84239ED85A00E1C562 /* Assets.xcassets */,
				1DABBB89239ED85A00E1C562 /* LaunchScreen.storyboard */,
				1DABBB8C239ED85A00E1C562 /* Info.plist */,
				1DABBB86239ED85A00E1C562 /* Preview Content */,
			);
			path = MovingTextFiledUpWhenKeyboardAppearsUsingSwiftUI;
			sourceTree = "<group>";
		};
		1DABBB86239ED85A00E1C562 /* Preview Content */ = {
			isa = PBXGroup;
			children = (
				1DABBB87239ED85A00E1C562 /* Preview Assets.xcassets */,
			);
			path = "Preview Content";
			sourceTree = "<group>";
		};
/* End PBXGroup section */

/* Begin PBXNativeTarget section */
		1DABBB7A239ED85500E1C562 /* MovingTextFiledUpWhenKeyboardAppearsUsingSwiftUI */ = {
			isa = PBXNativeTarget;
			buildConfigurationList = 1DABBB8F239ED85A00E1C562 /* Build configuration list for PBXNativeTarget "MovingTextFiledUpWhenKeyboardAppearsUsingSwiftUI" */;
			buildPhases = (
				1DABBB77239ED85500E1C562 /* Sources */,
				1DABBB78239ED85500E1C562 /* Frameworks */,
				1DABBB79239ED85500E1C562 /* Resources */,
			);
			buildRules = (
			);
			dependencies = (
			);
			name = MovingTextFiledUpWhenKeyboardAppearsUsingSwiftUI;
			productName = MovingTextFiledUpWhenKeyboardAppearsUsingSwiftUI;
			productReference = 1DABBB7B239ED85500E1C562 /* MovingTextFiledUpWhenKeyboardAppearsUsingSwiftUI.app */;
			productType = "com.apple.product-type.application";
		};
/* End PBXNativeTarget section */

/* Begin PBXProject section */
		1DABBB73239ED85500E1C562 /* Project object */ = {
			isa = PBXProject;
			attributes = {
				LastSwiftUpdateCheck = 1120;
				LastUpgradeCheck = 1120;
				ORGANIZATIONNAME = "Ramill Ibragimov";
				TargetAttributes = {
					1DABBB7A239ED85500E1C562 = {
						CreatedOnToolsVersion = 11.2.1;
					};
				};
			};
			buildConfigurationList = 1DABBB76239ED85500E1C562 /* Build configuration list for PBXProject "MovingTextFiledUpWhenKeyboardAppearsUsingSwiftUI" */;
			compatibilityVersion = "Xcode 9.3";
			developmentRegion = en;
			hasScannedForEncodings = 0;
			knownRegions = (
				en,
				Base,
			);
			mainGroup = 1DABBB72239ED85500E1C562;
			productRefGroup = 1DABBB7C239ED85500E1C562 /* Products */;
			projectDirPath = "";
			projectRoot = "";
			targets = (
				1DABBB7A239ED85500E1C562 /* MovingTextFiledUpWhenKeyboardAppearsUsingSwiftUI */,
			);
		};
/* End PBXProject section */

/* Begin PBXResourcesBuildPhase section */
		1DABBB79239ED85500E1C562 /* Resources */ = {
			isa = PBXResourcesBuildPhase;
			buildActionMask = 2147483647;
			files = (
				1DABBB8B239ED85A00E1C562 /* LaunchScreen.storyboard in Resources */,
				1DABBB88239ED85A00E1C562 /* Preview Assets.xcassets in Resources */,
				1DABBB85239ED85A00E1C562 /* Assets.xcassets in Resources */,
			);
			runOnlyForDeploymentPostprocessing = 0;
		};
/* End PBXResourcesBuildPhase section */

/* Begin PBXSourcesBuildPhase section */
		1DABBB77239ED85500E1C562 /* Sources */ = {
			isa = PBXSourcesBuildPhase;
			buildActionMask = 2147483647;
			files = (
				1DABBB7F239ED85500E1C562 /* AppDelegate.swift in Sources */,
				1DABBB81239ED85500E1C562 /* SceneDelegate.swift in Sources */,
				1DABBB83239ED85500E1C562 /* ContentView.swift in Sources */,
			);
			runOnlyForDeploymentPostprocessing = 0;
		};
/* End PBXSourcesBuildPhase section */

/* Begin PBXVariantGroup section */
		1DABBB89239ED85A00E1C562 /* LaunchScreen.storyboard */ = {
			isa = PBXVariantGroup;
			children = (
				1DABBB8A239ED85A00E1C562 /* Base */,
			);
			name = LaunchScreen.storyboard;
			sourceTree = "<group>";
		};
/* End PBXVariantGroup section */

/* Begin XCBuildConfiguration section */
		1DABBB8D239ED85A00E1C562 /* Debug */ = {
			isa = XCBuildConfiguration;
			buildSettings = {
				ALWAYS_SEARCH_USER_PATHS = NO;
				CLANG_ANALYZER_NONNULL = YES;
				CLANG_ANALYZER_NUMBER_OBJECT_CONVERSION = YES_AGGRESSIVE;
				CLANG_CXX_LANGUAGE_STANDARD = "gnu++14";
				CLANG_CXX_LIBRARY = "libc++";
				CLANG_ENABLE_MODULES = YES;
				CLANG_ENABLE_OBJC_ARC = YES;
				CLANG_ENABLE_OBJC_WEAK = YES;
				CLANG_WARN_BLOCK_CAPTURE_AUTORELEASING = YES;
				CLANG_WARN_BOOL_CONVERSION = YES;
				CLANG_WARN_COMMA = YES;
				CLANG_WARN_CONSTANT_CONVERSION = YES;
				CLANG_WARN_DEPRECATED_OBJC_IMPLEMENTATIONS = YES;
				CLANG_WARN_DIRECT_OBJC_ISA_USAGE = YES_ERROR;
				CLANG_WARN_DOCUMENTATION_COMMENTS = YES;
				CLANG_WARN_EMPTY_BODY = YES;
				CLANG_WARN_ENUM_CONVERSION = YES;
				CLANG_WARN_INFINITE_RECURSION = YES;
				CLANG_WARN_INT_CONVERSION = YES;
				CLANG_WARN_NON_LITERAL_NULL_CONVERSION = YES;
				CLANG_WARN_OBJC_IMPLICIT_RETAIN_SELF = YES;
				CLANG_WARN_OBJC_LITERAL_CONVERSION = YES;
				CLANG_WARN_OBJC_ROOT_CLASS = YES_ERROR;
				CLANG_WARN_RANGE_LOOP_ANALYSIS = YES;
				CLANG_WARN_STRICT_PROTOTYPES = YES;
				CLANG_WARN_SUSPICIOUS_MOVE = YES;
				CLANG_WARN_UNGUARDED_AVAILABILITY = YES_AGGRESSIVE;
				CLANG_WARN_UNREACHABLE_CODE = YES;
				CLANG_WARN__DUPLICATE_METHOD_MATCH = YES;
				COPY_PHASE_STRIP = NO;
				DEBUG_INFORMATION_FORMAT = dwarf;
				ENABLE_STRICT_OBJC_MSGSEND = YES;
				ENABLE_TESTABILITY = YES;
				GCC_C_LANGUAGE_STANDARD = gnu11;
				GCC_DYNAMIC_NO_PIC = NO;
				GCC_NO_COMMON_BLOCKS = YES;
				GCC_OPTIMIZATION_LEVEL = 0;
				GCC_PREPROCESSOR_DEFINITIONS = (
					"DEBUG=1",
					"$(inherited)",
				);
				GCC_WARN_64_TO_32_BIT_CONVERSION = YES;
				GCC_WARN_ABOUT_RETURN_TYPE = YES_ERROR;
				GCC_WARN_UNDECLARED_SELECTOR = YES;
				GCC_WARN_UNINITIALIZED_AUTOS = YES_AGGRESSIVE;
				GCC_WARN_UNUSED_FUNCTION = YES;
				GCC_WARN_UNUSED_VARIABLE = YES;
				IPHONEOS_DEPLOYMENT_TARGET = 13.2;
				MTL_ENABLE_DEBUG_INFO = INCLUDE_SOURCE;
				MTL_FAST_MATH = YES;
				ONLY_ACTIVE_ARCH = YES;
				SDKROOT = iphoneos;
				SWIFT_ACTIVE_COMPILATION_CONDITIONS = DEBUG;
				SWIFT_OPTIMIZATION_LEVEL = "-Onone";
			};
			name = Debug;
		};
		1DABBB8E239ED85A00E1C562 /* Release */ = {
			isa = XCBuildConfiguration;
			buildSettings = {
				ALWAYS_SEARCH_USER_PATHS = NO;
				CLANG_ANALYZER_NONNULL = YES;
				CLANG_ANALYZER_NUMBER_OBJECT_CONVERSION = YES_AGGRESSIVE;
				CLANG_CXX_LANGUAGE_STANDARD = "gnu++14";
				CLANG_CXX_LIBRARY = "libc++";
				CLANG_ENABLE_MODULES = YES;
				CLANG_ENABLE_OBJC_ARC = YES;
				CLANG_ENABLE_OBJC_WEAK = YES;
				CLANG_WARN_BLOCK_CAPTURE_AUTORELEASING = YES;
				CLANG_WARN_BOOL_CONVERSION = YES;
				CLANG_WARN_COMMA = YES;
				CLANG_WARN_CONSTANT_CONVERSION = YES;
				CLANG_WARN_DEPRECATED_OBJC_IMPLEMENTATIONS = YES;
				CLANG_WARN_DIRECT_OBJC_ISA_USAGE = YES_ERROR;
				CLANG_WARN_DOCUMENTATION_COMMENTS = YES;
				CLANG_WARN_EMPTY_BODY = YES;
				CLANG_WARN_ENUM_CONVERSION = YES;
				CLANG_WARN_INFINITE_RECURSION = YES;
				CLANG_WARN_INT_CONVERSION = YES;
				CLANG_WARN_NON_LITERAL_NULL_CONVERSION = YES;
				CLANG_WARN_OBJC_IMPLICIT_RETAIN_SELF = YES;
				CLANG_WARN_OBJC_LITERAL_CONVERSION = YES;
				CLANG_WARN_OBJC_ROOT_CLASS = YES_ERROR;
				CLANG_WARN_RANGE_LOOP_ANALYSIS = YES;
				CLANG_WARN_STRICT_PROTOTYPES = YES;
				CLANG_WARN_SUSPICIOUS_MOVE = YES;
				CLANG_WARN_UNGUARDED_AVAILABILITY = YES_AGGRESSIVE;
				CLANG_WARN_UNREACHABLE_CODE = YES;
				CLANG_WARN__DUPLICATE_METHOD_MATCH = YES;
				COPY_PHASE_STRIP = NO;
				DEBUG_INFORMATION_FORMAT = "dwarf-with-dsym";
				ENABLE_NS_ASSERTIONS = NO;
				ENABLE_STRICT_OBJC_MSGSEND = YES;
				GCC_C_LANGUAGE_STANDARD = gnu11;
				GCC_NO_COMMON_BLOCKS = YES;
				GCC_WARN_64_TO_32_BIT_CONVERSION = YES;
				GCC_WARN_ABOUT_RETURN_TYPE = YES_ERROR;
				GCC_WARN_UNDECLARED_SELECTOR = YES;
				GCC_WARN_UNINITIALIZED_AUTOS = YES_AGGRESSIVE;
				GCC_WARN_UNUSED_FUNCTION = YES;
				GCC_WARN_UNUSED_VARIABLE = YES;
				IPHONEOS_DEPLOYMENT_TARGET = 13.2;
				MTL_ENABLE_DEBUG_INFO = NO;
				MTL_FAST_MATH = YES;
				SDKROOT = iphoneos;
				SWIFT_COMPILATION_MODE = wholemodule;
				SWIFT_OPTIMIZATION_LEVEL = "-O";
				VALIDATE_PRODUCT = YES;
			};
			name = Release;
		};
		1DABBB90239ED85A00E1C562 /* Debug */ = {
			isa = XCBuildConfiguration;
			buildSettings = {
				ASSETCATALOG_COMPILER_APPICON_NAME = AppIcon;
				CODE_SIGN_STYLE = Automatic;
				DEVELOPMENT_ASSET_PATHS = "\"MovingTextFiledUpWhenKeyboardAppearsUsingSwiftUI/Preview Content\"";
				DEVELOPMENT_TEAM = L8W86DZDY2;
				ENABLE_PREVIEWS = YES;
				INFOPLIST_FILE = MovingTextFiledUpWhenKeyboardAppearsUsingSwiftUI/Info.plist;
				LD_RUNPATH_SEARCH_PATHS = (
					"$(inherited)",
					"@executable_path/Frameworks",
				);
				PRODUCT_BUNDLE_IDENTIFIER = com.ri.MovingTextFiledUpWhenKeyboardAppearsUsingSwiftUI;
				PRODUCT_NAME = "$(TARGET_NAME)";
				SWIFT_VERSION = 5.0;
				TARGETED_DEVICE_FAMILY = "1,2";
			};
			name = Debug;
		};
		1DABBB91239ED85A00E1C562 /* Release */ = {
			isa = XCBuildConfiguration;
			buildSettings = {
				ASSETCATALOG_COMPILER_APPICON_NAME = AppIcon;
				CODE_SIGN_STYLE = Automatic;
				DEVELOPMENT_ASSET_PATHS = "\"MovingTextFiledUpWhenKeyboardAppearsUsingSwiftUI/Preview Content\"";
				DEVELOPMENT_TEAM = L8W86DZDY2;
				ENABLE_PREVIEWS = YES;
				INFOPLIST_FILE = MovingTextFiledUpWhenKeyboardAppearsUsingSwiftUI/Info.plist;
				LD_RUNPATH_SEARCH_PATHS = (
					"$(inherited)",
					"@executable_path/Frameworks",
				);
				PRODUCT_BUNDLE_IDENTIFIER = com.ri.MovingTextFiledUpWhenKeyboardAppearsUsingSwiftUI;
				PRODUCT_NAME = "$(TARGET_NAME)";
				SWIFT_VERSION = 5.0;
				TARGETED_DEVICE_FAMILY = "1,2";
			};
			name = Release;
		};
/* End XCBuildConfiguration section */

/* Begin XCConfigurationList section */
		1DABBB76239ED85500E1C562 /* Build configuration list for PBXProject "MovingTextFiledUpWhenKeyboardAppearsUsingSwiftUI" */ = {
			isa = XCConfigurationList;
			buildConfigurations = (
				1DABBB8D239ED85A00E1C562 /* Debug */,
				1DABBB8E239ED85A00E1C562 /* Release */,
			);
			defaultConfigurationIsVisible = 0;
			defaultConfigurationName = Release;
		};
		1DABBB8F239ED85A00E1C562 /* Build configuration list for PBXNativeTarget "MovingTextFiledUpWhenKeyboardAppearsUsingSwiftUI" */ = {
			isa = XCConfigurationList;
			buildConfigurations = (
				1DABBB90239ED85A00E1C562 /* Debug */,
				1DABBB91239ED85A00E1C562 /* Release */,
			);
			defaultConfigurationIsVisible = 0;
			defaultConfigurationName = Release;
		};
/* End XCConfigurationList section */
	};
	rootObject = 1DABBB73239ED85500E1C562 /* Project object */;
}
